{
  "version": 4,
  "terraform_version": "1.13.4",
  "serial": 1,
  "lineage": "ab66385c-3f2e-efb7-152e-e1d3a84ecd1a",
  "outputs": {
    "cluster_arn": {
      "value": null,
      "type": "string"
    },
    "cluster_certificate": {
      "value": null,
      "type": "string"
    },
    "cluster_endpoint": {
      "value": null,
      "type": "string"
    },
    "cluster_name": {
      "value": null,
      "type": "string"
    },
    "kubeconfig": {
      "value": null,
      "type": "string"
    }
  },
  "resources": [
    {
      "mode": "data",
      "type": "aws_availability_zones",
      "name": "available",
      "provider": "provider[\"registry.terraform.io/hashicorp/aws\"]",
      "instances": [
        {
          "schema_version": 0,
          "attributes": {
            "all_availability_zones": null,
            "exclude_names": null,
            "exclude_zone_ids": null,
            "filter": null,
            "group_names": [
              "us-east-1-zg-1"
            ],
            "id": "us-east-1",
            "names": [
              "us-east-1a",
              "us-east-1b",
              "us-east-1c",
              "us-east-1d",
              "us-east-1e",
              "us-east-1f"
            ],
            "region": "us-east-1",
            "state": null,
            "timeouts": null,
            "zone_ids": [
              "use1-az4",
              "use1-az6",
              "use1-az1",
              "use1-az2",
              "use1-az3",
              "use1-az5"
            ]
          },
          "sensitive_attributes": [],
          "identity_schema_version": 0
        }
      ]
    },
    {
      "mode": "managed",
      "type": "aws_eks_cluster",
      "name": "prod",
      "provider": "provider[\"registry.terraform.io/hashicorp/aws\"]",
      "instances": [
        {
          "schema_version": 1,
          "attributes": {
            "access_config": [
              {
                "authentication_mode": "CONFIG_MAP",
                "bootstrap_cluster_creator_admin_permissions": true
              }
            ],
            "arn": "arn:aws:eks:us-east-1:163447728448:cluster/prod-eks-cluster",
            "bootstrap_self_managed_addons": false,
            "certificate_authority": [
              {
                "data": "LS0tLS1CRUdJTiBDRVJUSUZJQ0FURS0tLS0tCk1JSURCVENDQWUyZ0F3SUJBZ0lJZmVVcThkd2JxVUl3RFFZSktvWklodmNOQVFFTEJRQXdGVEVUTUJFR0ExVUUKQXhNS2EzVmlaWEp1WlhSbGN6QWVGdzB5TlRFd01qWXhPVFUzTVRWYUZ3MHpOVEV3TWpReU1EQXlNVFZhTUJVeApFekFSQmdOVkJBTVRDbXQxWW1WeWJtVjBaWE13Z2dFaU1BMEdDU3FHU0liM0RRRUJBUVVBQTRJQkR3QXdnZ0VLCkFvSUJBUURXTENvSjNyTDFiTkhhSExHUnAwOVhRdjZXOHNQbHJyL09vOENHYVB2RmpiWXBZcm1sbzFtZjZBR3cKci9mbzQ5T25Tczl4Y0RadDFrWTFpZkd0disvWTJBWml0bkl1dERGSmd2Q3djZ20yTzZLdWRWUzVQUnFxUDR2TQpYUlJGMjJ3c3ByL3N1L1RkekF6dHp0Q01DSzZHbVBQWTNPMzVLVFBsdGhDSUxLT2FWeXRpT3JvTzJRclNFS1I2CnErTStDT2RuRmRZVmIzdzdDRzJsS2JldHlKM3ZjT2FWL1hRNGlEaXJ1bFRFdnkwR29STm9DUWZ1ZlJmY0cwcXkKaUlVV0NTVkxQNE9sNHpSMExPUDBIQUVsNUZIcGxjM0U5eFlTTldDdUNOMk9iemVmUC85dUFENHVEMC8vdU5UcApRWDNDQ2dUVlZyWFpXSTlRNGRXSms2dnJTa1E5QWdNQkFBR2pXVEJYTUE0R0ExVWREd0VCL3dRRUF3SUNwREFQCkJnTlZIUk1CQWY4RUJUQURBUUgvTUIwR0ExVWREZ1FXQkJRWUtDVGY3TzgzaEJuQjVXMElWWmY2bUtXMnBqQVYKQmdOVkhSRUVEakFNZ2dwcmRXSmxjbTVsZEdWek1BMEdDU3FHU0liM0RRRUJDd1VBQTRJQkFRQ253RE9tZm10YworaW1BNG9GQThJOExIczdOY1MwOVlMMnF6ZTBTeW9NQzlsNVJxdjd4ZkZ6dWhzUjRQWHB3WWY5cnVGMS80RDMwCkdoOTlDQlZ3SndsWDNUUERzblNUYkdiZS9NdXBWeStxeU9FS1JTRE5mL1J1dzFVMEF2Nkpmd2UyT3NrdHA5SHAKVDAxVUdhZE5UTWRVZ09GRll3T1lzdFg2cUFOOTNobWlVdFBmeVhKMTZFWVVaNGw2Zll6dHBqT1FETnBjVU1KOApFdWcvRnc1SW13azNTOGdLRUNmMkJpOUtzOE9iaS9FdmtLMzlicWt3OUlKY0JaUlNlK3h4S0pQeEkyc1FBenhyCkM0ZTBTSHBYVzdOM0hFbmZwd1FxU2Vnb3R3a1BsMFJyL3hmZlFvUDZKV0l5T2toVkxidjBFL1F6VDYzUUVIR04KRTZmclk0dk5qWjgzCi0tLS0tRU5EIENFUlRJRklDQVRFLS0tLS0K"
              }
            ],
            "cluster_id": null,
            "compute_config": [
              {
                "enabled": false,
                "node_pools": [],
                "node_role_arn": ""
              }
            ],
            "created_at": "2025-10-26T19:56:34Z",
            "deletion_protection": false,
            "enabled_cluster_log_types": [],
            "encryption_config": [],
            "endpoint": "https://0091A7D93778E130B6B5114859FB8C15.gr7.us-east-1.eks.amazonaws.com",
            "force_update_version": null,
            "id": "prod-eks-cluster",
            "identity": [
              {
                "oidc": [
                  {
                    "issuer": "https://oidc.eks.us-east-1.amazonaws.com/id/0091A7D93778E130B6B5114859FB8C15"
                  }
                ]
              }
            ],
            "kubernetes_network_config": [
              {
                "elastic_load_balancing": [
                  {
                    "enabled": false
                  }
                ],
                "ip_family": "ipv4",
                "service_ipv4_cidr": "172.20.0.0/16",
                "service_ipv6_cidr": ""
              }
            ],
            "name": "prod-eks-cluster",
            "outpost_config": [],
            "platform_version": "eks.49",
            "region": "us-east-1",
            "remote_network_config": [],
            "role_arn": "arn:aws:iam::163447728448:role/eks-cluster-role",
            "status": "ACTIVE",
            "storage_config": [
              {
                "block_storage": [
                  {
                    "enabled": false
                  }
                ]
              }
            ],
            "tags": {},
            "tags_all": {},
            "timeouts": null,
            "upgrade_policy": [
              {
                "support_type": "EXTENDED"
              }
            ],
            "version": "1.30",
            "vpc_config": [
              {
                "cluster_security_group_id": "sg-0c5576abe1674af25",
                "endpoint_private_access": false,
                "endpoint_public_access": true,
                "public_access_cidrs": [
                  "0.0.0.0/0"
                ],
                "security_group_ids": [
                  "sg-047658988b05446ea"
                ],
                "subnet_ids": [
                  "subnet-0150b86018def9076",
                  "subnet-09e46a3056e105125"
                ],
                "vpc_id": "vpc-076f1534a0f2a5e61"
              }
            ],
            "zonal_shift_config": []
          },
          "sensitive_attributes": [],
          "identity_schema_version": 0,
          "private": "eyJlMmJmYjczMC1lY2FhLTExZTYtOGY4OC0zNDM2M2JjN2M0YzAiOnsiY3JlYXRlIjoxODAwMDAwMDAwMDAwLCJkZWxldGUiOjkwMDAwMDAwMDAwMCwidXBkYXRlIjozNjAwMDAwMDAwMDAwfSwic2NoZW1hX3ZlcnNpb24iOiIxIn0="
        }
      ]
    }
  ],
  "check_results": null
}
